
Microsoft Visual Studio Solution File, Format Version 12.00
# Visual Studio Version 17
VisualStudioVersion = 17.7.34202.233
MinimumVisualStudioVersion = 10.0.40219.1
Project("{FAE04EC0-301F-11D3-BF4B-00C04F79EFBC}") = "Govtcare", "Govtcare\Govtcare.csproj", "{1A445DAE-9117-4F15-B04E-DAB1BF5C29CE}"
EndProject
Global
	GlobalSection(SolutionConfigurationPlatforms) = preSolution
		Debug|Any CPU = Debug|Any CPU
		Release|Any CPU = Release|Any CPU
	EndGlobalSection
	GlobalSection(ProjectConfigurationPlatforms) = postSolution
		{1A445DAE-9117-4F15-B04E-DAB1BF5C29CE}.Debug|Any CPU.ActiveCfg = Debug|Any CPU
		{1A445DAE-9117-4F15-B04E-DAB1BF5C29CE}.Debug|Any CPU.Build.0 = Debug|Any CPU
		{1A445DAE-9117-4F15-B04E-DAB1BF5C29CE}.Release|Any CPU.ActiveCfg = Release|Any CPU
		{1A445DAE-9117-4F15-B04E-DAB1BF5C29CE}.Release|Any CPU.Build.0 = Release|Any CPU
	EndGlobalSection
	GlobalSection(SolutionProperties) = preSolution
		HideSolutionNode = FALSE
	EndGlobalSection
	GlobalSection(ExtensibilityGlobals) = postSolution
		SolutionGuid = {4590E546-E8A5-4868-B59A-2CEFFB0714A5}
	EndGlobalSection
EndGlobal
